// !$*UTF8*$!
{
	archiveVersion = 1;
	classes = {
	};
	objectVersion = 56;
	objects = {

/* Begin PBXBuildFile section */
		1C2B4424290A62BE004966F5 /* About_meApp.swift in Sources */ = {isa = PBXBuildFile; fileRef = 1C2B4423290A62BE004966F5 /* About_meApp.swift */; };
		1C2B4426290A62BE004966F5 /* ContentView.swift in Sources */ = {isa = PBXBuildFile; fileRef = 1C2B4425290A62BE004966F5 /* ContentView.swift */; };
		1C2B4428290A62BF004966F5 /* Assets.xcassets in Resources */ = {isa = PBXBuildFile; fileRef = 1C2B4427290A62BF004966F5 /* Assets.xcassets */; };
		1C2B442C290A62BF004966F5 /* Preview Assets.xcassets in Resources */ = {isa = PBXBuildFile; fileRef = 1C2B442B290A62BF004966F5 /* Preview Assets.xcassets */; };
		1C2B4436290A62BF004966F5 /* About_meTests.swift in Sources */ = {isa = PBXBuildFile; fileRef = 1C2B4435290A62BF004966F5 /* About_meTests.swift */; };
		1C2B4440290A62BF004966F5 /* About_meUITests.swift in Sources */ = {isa = PBXBuildFile; fileRef = 1C2B443F290A62BF004966F5 /* About_meUITests.swift */; };
		1C2B4442290A62BF004966F5 /* About_meUITestsLaunchTests.swift in Sources */ = {isa = PBXBuildFile; fileRef = 1C2B4441290A62BF004966F5 /* About_meUITestsLaunchTests.swift */; };
/* End PBXBuildFile section */

/* Begin PBXContainerItemProxy section */
		1C2B4432290A62BF004966F5 /* PBXContainerItemProxy */ = {
			isa = PBXContainerItemProxy;
			containerPortal = 1C2B4418290A62BE004966F5 /* Project object */;
			proxyType = 1;
			remoteGlobalIDString = 1C2B441F290A62BE004966F5;
			remoteInfo = "About me";
		};
		1C2B443C290A62BF004966F5 /* PBXContainerItemProxy */ = {
			isa = PBXContainerItemProxy;
			containerPortal = 1C2B4418290A62BE004966F5 /* Project object */;
			proxyType = 1;
			remoteGlobalIDString = 1C2B441F290A62BE004966F5;
			remoteInfo = "About me";
		};
/* End PBXContainerItemProxy section */

/* Begin PBXFileReference section */
		1C2B4420290A62BE004966F5 /* About me.app */ = {isa = PBXFileReference; explicitFileType = wrapper.application; includeInIndex = 0; path = "About me.app"; sourceTree = BUILT_PRODUCTS_DIR; };
		1C2B4423290A62BE004966F5 /* About_meApp.swift */ = {isa = PBXFileReference; lastKnownFileType = sourcecode.swift; path = About_meApp.swift; sourceTree = "<group>"; };
		1C2B4425290A62BE004966F5 /* ContentView.swift */ = {isa = PBXFileReference; lastKnownFileType = sourcecode.swift; path = ContentView.swift; sourceTree = "<group>"; };
		1C2B4427290A62BF004966F5 /* Assets.xcassets */ = {isa = PBXFileReference; lastKnownFileType = folder.assetcatalog; path = Assets.xcassets; sourceTree = "<group>"; };
		1C2B4429290A62BF004966F5 /* About_me.entitlements */ = {isa = PBXFileReference; lastKnownFileType = text.plist.entitlements; path = About_me.entitlements; sourceTree = "<group>"; };
		1C2B442B290A62BF004966F5 /* Preview Assets.xcassets */ = {isa = PBXFileReference; lastKnownFileType = folder.assetcatalog; path = "Preview Assets.xcassets"; sourceTree = "<group>"; };
		1C2B4431290A62BF004966F5 /* About meTests.xctest */ = {isa = PBXFileReference; explicitFileType = wrapper.cfbundle; includeInIndex = 0; path = "About meTests.xctest"; sourceTree = BUILT_PRODUCTS_DIR; };
		1C2B4435290A62BF004966F5 /* About_meTests.swift */ = {isa = PBXFileReference; lastKnownFileType = sourcecode.swift; path = About_meTests.swift; sourceTree = "<group>"; };
		1C2B443B290A62BF004966F5 /* About meUITests.xctest */ = {isa = PBXFileReference; explicitFileType = wrapper.cfbundle; includeInIndex = 0; path = "About meUITests.xctest"; sourceTree = BUILT_PRODUCTS_DIR; };
		1C2B443F290A62BF004966F5 /* About_meUITests.swift */ = {isa = PBXFileReference; lastKnownFileType = sourcecode.swift; path = About_meUITests.swift; sourceTree = "<group>"; };
		1C2B4441290A62BF004966F5 /* About_meUITestsLaunchTests.swift */ = {isa = PBXFileReference; lastKnownFileType = sourcecode.swift; path = About_meUITestsLaunchTests.swift; sourceTree = "<group>"; };
/* End PBXFileReference section */

/* Begin PBXFrameworksBuildPhase section */
		1C2B441D290A62BE004966F5 /* Frameworks */ = {
			isa = PBXFrameworksBuildPhase;
			buildActionMask = 2147483647;
			files = (
			);
			runOnlyForDeploymentPostprocessing = 0;
		};
		1C2B442E290A62BF004966F5 /* Frameworks */ = {
			isa = PBXFrameworksBuildPhase;
			buildActionMask = 2147483647;
			files = (
			);
			runOnlyForDeploymentPostprocessing = 0;
		};
		1C2B4438290A62BF004966F5 /* Frameworks */ = {
			isa = PBXFrameworksBuildPhase;
			buildActionMask = 2147483647;
			files = (
			);
			runOnlyForDeploymentPostprocessing = 0;
		};
/* End PBXFrameworksBuildPhase section */

/* Begin PBXGroup section */
		1C2B4417290A62BE004966F5 = {
			isa = PBXGroup;
			children = (
				1C2B4422290A62BE004966F5 /* About me */,
				1C2B4434290A62BF004966F5 /* About meTests */,
				1C2B443E290A62BF004966F5 /* About meUITests */,
				1C2B4421290A62BE004966F5 /* Products */,
			);
			sourceTree = "<group>";
		};
		1C2B4421290A62BE004966F5 /* Products */ = {
			isa = PBXGroup;
			children = (
				1C2B4420290A62BE004966F5 /* About me.app */,
				1C2B4431290A62BF004966F5 /* About meTests.xctest */,
				1C2B443B290A62BF004966F5 /* About meUITests.xctest */,
			);
			name = Products;
			sourceTree = "<group>";
		};
		1C2B4422290A62BE004966F5 /* About me */ = {
			isa = PBXGroup;
			children = (
				1C2B4423290A62BE004966F5 /* About_meApp.swift */,
				1C2B4425290A62BE004966F5 /* ContentView.swift */,
				1C2B4427290A62BF004966F5 /* Assets.xcassets */,
				1C2B4429290A62BF004966F5 /* About_me.entitlements */,
				1C2B442A290A62BF004966F5 /* Preview Content */,
			);
			path = "About me";
			sourceTree = "<group>";
		};
		1C2B442A290A62BF004966F5 /* Preview Content */ = {
			isa = PBXGroup;
			children = (
				1C2B442B290A62BF004966F5 /* Preview Assets.xcassets */,
			);
			path = "Preview Content";
			sourceTree = "<group>";
		};
		1C2B4434290A62BF004966F5 /* About meTests */ = {
			isa = PBXGroup;
			children = (
				1C2B4435290A62BF004966F5 /* About_meTests.swift */,
			);
			path = "About meTests";
			sourceTree = "<group>";
		};
		1C2B443E290A62BF004966F5 /* About meUITests */ = {
			isa = PBXGroup;
			children = (
				1C2B443F290A62BF004966F5 /* About_meUITests.swift */,
				1C2B4441290A62BF004966F5 /* About_meUITestsLaunchTests.swift */,
			);
			path = "About meUITests";
			sourceTree = "<group>";
		};
/* End PBXGroup section */

/* Begin PBXNativeTarget section */
		1C2B441F290A62BE004966F5 /* About me */ = {
			isa = PBXNativeTarget;
			buildConfigurationList = 1C2B4445290A62BF004966F5 /* Build configuration list for PBXNativeTarget "About me" */;
			buildPhases = (
				1C2B441C290A62BE004966F5 /* Sources */,
				1C2B441D290A62BE004966F5 /* Frameworks */,
				1C2B441E290A62BE004966F5 /* Resources */,
			);
			buildRules = (
			);
			dependencies = (
			);
			name = "About me";
			productName = "About me";
			productReference = 1C2B4420290A62BE004966F5 /* About me.app */;
			productType = "com.apple.product-type.application";
		};
		1C2B4430290A62BF004966F5 /* About meTests */ = {
			isa = PBXNativeTarget;
			buildConfigurationList = 1C2B4448290A62BF004966F5 /* Build configuration list for PBXNativeTarget "About meTests" */;
			buildPhases = (
				1C2B442D290A62BF004966F5 /* Sources */,
				1C2B442E290A62BF004966F5 /* Frameworks */,
				1C2B442F290A62BF004966F5 /* Resources */,
			);
			buildRules = (
			);
			dependencies = (
				1C2B4433290A62BF004966F5 /* PBXTargetDependency */,
			);
			name = "About meTests";
			productName = "About meTests";
			productReference = 1C2B4431290A62BF004966F5 /* About meTests.xctest */;
			productType = "com.apple.product-type.bundle.unit-test";
		};
		1C2B443A290A62BF004966F5 /* About meUITests */ = {
			isa = PBXNativeTarget;
			buildConfigurationList = 1C2B444B290A62BF004966F5 /* Build configuration list for PBXNativeTarget "About meUITests" */;
			buildPhases = (
				1C2B4437290A62BF004966F5 /* Sources */,
				1C2B4438290A62BF004966F5 /* Frameworks */,
				1C2B4439290A62BF004966F5 /* Resources */,
			);
			buildRules = (
			);
			dependencies = (
				1C2B443D290A62BF004966F5 /* PBXTargetDependency */,
			);
			name = "About meUITests";
			productName = "About meUITests";
			productReference = 1C2B443B290A62BF004966F5 /* About meUITests.xctest */;
			productType = "com.apple.product-type.bundle.ui-testing";
		};
/* End PBXNativeTarget section */

/* Begin PBXProject section */
		1C2B4418290A62BE004966F5 /* Project object */ = {
			isa = PBXProject;
			attributes = {
				BuildIndependentTargetsInParallel = 1;
				LastSwiftUpdateCheck = 1400;
				LastUpgradeCheck = 1400;
				TargetAttributes = {
					1C2B441F290A62BE004966F5 = {
						CreatedOnToolsVersion = 14.0.1;
					};
					1C2B4430290A62BF004966F5 = {
						CreatedOnToolsVersion = 14.0.1;
						TestTargetID = 1C2B441F290A62BE004966F5;
					};
					1C2B443A290A62BF004966F5 = {
						CreatedOnToolsVersion = 14.0.1;
						TestTargetID = 1C2B441F290A62BE004966F5;
					};
				};
			};
			buildConfigurationList = 1C2B441B290A62BE004966F5 /* Build configuration list for PBXProject "About me" */;
			compatibilityVersion = "Xcode 14.0";
			developmentRegion = en;
			hasScannedForEncodings = 0;
			knownRegions = (
				en,
				Base,
			);
			mainGroup = 1C2B4417290A62BE004966F5;
			productRefGroup = 1C2B4421290A62BE004966F5 /* Products */;
			projectDirPath = "";
			projectRoot = "";
			targets = (
				1C2B441F290A62BE004966F5 /* About me */,
				1C2B4430290A62BF004966F5 /* About meTests */,
				1C2B443A290A62BF004966F5 /* About meUITests */,
			);
		};
/* End PBXProject section */

/* Begin PBXResourcesBuildPhase section */
		1C2B441E290A62BE004966F5 /* Resources */ = {
			isa = PBXResourcesBuildPhase;
			buildActionMask = 2147483647;
			files = (
				1C2B442C290A62BF004966F5 /* Preview Assets.xcassets in Resources */,
				1C2B4428290A62BF004966F5 /* Assets.xcassets in Resources */,
			);
			runOnlyForDeploymentPostprocessing = 0;
		};
		1C2B442F290A62BF004966F5 /* Resources */ = {
			isa = PBXResourcesBuildPhase;
			buildActionMask = 2147483647;
			files = (
			);
			runOnlyForDeploymentPostprocessing = 0;
		};
		1C2B4439290A62BF004966F5 /* Resources */ = {
			isa = PBXResourcesBuildPhase;
			buildActionMask = 2147483647;
			files = (
			);
			runOnlyForDeploymentPostprocessing = 0;
		};
/* End PBXResourcesBuildPhase section */

/* Begin PBXSourcesBuildPhase section */
		1C2B441C290A62BE004966F5 /* Sources */ = {
			isa = PBXSourcesBuildPhase;
			buildActionMask = 2147483647;
			files = (
				1C2B4426290A62BE004966F5 /* ContentView.swift in Sources */,
				1C2B4424290A62BE004966F5 /* About_meApp.swift in Sources */,
			);
			runOnlyForDeploymentPostprocessing = 0;
		};
		1C2B442D290A62BF004966F5 /* Sources */ = {
			isa = PBXSourcesBuildPhase;
			buildActionMask = 2147483647;
			files = (
				1C2B4436290A62BF004966F5 /* About_meTests.swift in Sources */,
			);
			runOnlyForDeploymentPostprocessing = 0;
		};
		1C2B4437290A62BF004966F5 /* Sources */ = {
			isa = PBXSourcesBuildPhase;
			buildActionMask = 2147483647;
			files = (
				1C2B4442290A62BF004966F5 /* About_meUITestsLaunchTests.swift in Sources */,
				1C2B4440290A62BF004966F5 /* About_meUITests.swift in Sources */,
			);
			runOnlyForDeploymentPostprocessing = 0;
		};
/* End PBXSourcesBuildPhase section */

/* Begin PBXTargetDependency section */
		1C2B4433290A62BF004966F5 /* PBXTargetDependency */ = {
			isa = PBXTargetDependency;
			target = 1C2B441F290A62BE004966F5 /* About me */;
			targetProxy = 1C2B4432290A62BF004966F5 /* PBXContainerItemProxy */;
		};
		1C2B443D290A62BF004966F5 /* PBXTargetDependency */ = {
			isa = PBXTargetDependency;
			target = 1C2B441F290A62BE004966F5 /* About me */;
			targetProxy = 1C2B443C290A62BF004966F5 /* PBXContainerItemProxy */;
		};
/* End PBXTargetDependency section */

/* Begin XCBuildConfiguration section */
		1C2B4443290A62BF004966F5 /* Debug */ = {
			isa = XCBuildConfiguration;
			buildSettings = {
				ALWAYS_SEARCH_USER_PATHS = NO;
				CLANG_ANALYZER_NONNULL = YES;
				CLANG_ANALYZER_NUMBER_OBJECT_CONVERSION = YES_AGGRESSIVE;
				CLANG_CXX_LANGUAGE_STANDARD = "gnu++20";
				CLANG_ENABLE_MODULES = YES;
				CLANG_ENABLE_OBJC_ARC = YES;
				CLANG_ENABLE_OBJC_WEAK = YES;
				CLANG_WARN_BLOCK_CAPTURE_AUTORELEASING = YES;
				CLANG_WARN_BOOL_CONVERSION = YES;
				CLANG_WARN_COMMA = YES;
				CLANG_WARN_CONSTANT_CONVERSION = YES;
				CLANG_WARN_DEPRECATED_OBJC_IMPLEMENTATIONS = YES;
				CLANG_WARN_DIRECT_OBJC_ISA_USAGE = YES_ERROR;
				CLANG_WARN_DOCUMENTATION_COMMENTS = YES;
				CLANG_WARN_EMPTY_BODY = YES;
				CLANG_WARN_ENUM_CONVERSION = YES;
				CLANG_WARN_INFINITE_RECURSION = YES;
				CLANG_WARN_INT_CONVERSION = YES;
				CLANG_WARN_NON_LITERAL_NULL_CONVERSION = YES;
				CLANG_WARN_OBJC_IMPLICIT_RETAIN_SELF = YES;
				CLANG_WARN_OBJC_LITERAL_CONVERSION = YES;
				CLANG_WARN_OBJC_ROOT_CLASS = YES_ERROR;
				CLANG_WARN_QUOTED_INCLUDE_IN_FRAMEWORK_HEADER = YES;
				CLANG_WARN_RANGE_LOOP_ANALYSIS = YES;
				CLANG_WARN_STRICT_PROTOTYPES = YES;
				CLANG_WARN_SUSPICIOUS_MOVE = YES;
				CLANG_WARN_UNGUARDED_AVAILABILITY = YES_AGGRESSIVE;
				CLANG_WARN_UNREACHABLE_CODE = YES;
				CLANG_WARN__DUPLICATE_METHOD_MATCH = YES;
				COPY_PHASE_STRIP = NO;
				DEBUG_INFORMATION_FORMAT = dwarf;
				ENABLE_STRICT_OBJC_MSGSEND = YES;
				ENABLE_TESTABILITY = YES;
				GCC_C_LANGUAGE_STANDARD = gnu11;
				GCC_DYNAMIC_NO_PIC = NO;
				GCC_NO_COMMON_BLOCKS = YES;
				GCC_OPTIMIZATION_LEVEL = 0;
				GCC_PREPROCESSOR_DEFINITIONS = (
					"DEBUG=1",
					"$(inherited)",
				);
				GCC_WARN_64_TO_32_BIT_CONVERSION = YES;
				GCC_WARN_ABOUT_RETURN_TYPE = YES_ERROR;
				GCC_WARN_UNDECLARED_SELECTOR = YES;
				GCC_WARN_UNINITIALIZED_AUTOS = YES_AGGRESSIVE;
				GCC_WARN_UNUSED_FUNCTION = YES;
				GCC_WARN_UNUSED_VARIABLE = YES;
				MTL_ENABLE_DEBUG_INFO = INCLUDE_SOURCE;
				MTL_FAST_MATH = YES;
				ONLY_ACTIVE_ARCH = YES;
				SWIFT_ACTIVE_COMPILATION_CONDITIONS = DEBUG;
				SWIFT_OPTIMIZATION_LEVEL = "-Onone";
			};
			name = Debug;
		};
		1C2B4444290A62BF004966F5 /* Release */ = {
			isa = XCBuildConfiguration;
			buildSettings = {
				ALWAYS_SEARCH_USER_PATHS = NO;
				CLANG_ANALYZER_NONNULL = YES;
				CLANG_ANALYZER_NUMBER_OBJECT_CONVERSION = YES_AGGRESSIVE;
				CLANG_CXX_LANGUAGE_STANDARD = "gnu++20";
				CLANG_ENABLE_MODULES = YES;
				CLANG_ENABLE_OBJC_ARC = YES;
				CLANG_ENABLE_OBJC_WEAK = YES;
				CLANG_WARN_BLOCK_CAPTURE_AUTORELEASING = YES;
				CLANG_WARN_BOOL_CONVERSION = YES;
				CLANG_WARN_COMMA = YES;
				CLANG_WARN_CONSTANT_CONVERSION = YES;
				CLANG_WARN_DEPRECATED_OBJC_IMPLEMENTATIONS = YES;
				CLANG_WARN_DIRECT_OBJC_ISA_USAGE = YES_ERROR;
				CLANG_WARN_DOCUMENTATION_COMMENTS = YES;
				CLANG_WARN_EMPTY_BODY = YES;
				CLANG_WARN_ENUM_CONVERSION = YES;
				CLANG_WARN_INFINITE_RECURSION = YES;
				CLANG_WARN_INT_CONVERSION = YES;
				CLANG_WARN_NON_LITERAL_NULL_CONVERSION = YES;
				CLANG_WARN_OBJC_IMPLICIT_RETAIN_SELF = YES;
				CLANG_WARN_OBJC_LITERAL_CONVERSION = YES;
				CLANG_WARN_OBJC_ROOT_CLASS = YES_ERROR;
				CLANG_WARN_QUOTED_INCLUDE_IN_FRAMEWORK_HEADER = YES;
				CLANG_WARN_RANGE_LOOP_ANALYSIS = YES;
				CLANG_WARN_STRICT_PROTOTYPES = YES;
				CLANG_WARN_SUSPICIOUS_MOVE = YES;
				CLANG_WARN_UNGUARDED_AVAILABILITY = YES_AGGRESSIVE;
				CLANG_WARN_UNREACHABLE_CODE = YES;
				CLANG_WARN__DUPLICATE_METHOD_MATCH = YES;
				COPY_PHASE_STRIP = NO;
				DEBUG_INFORMATION_FORMAT = "dwarf-with-dsym";
				ENABLE_NS_ASSERTIONS = NO;
				ENABLE_STRICT_OBJC_MSGSEND = YES;
				GCC_C_LANGUAGE_STANDARD = gnu11;
				GCC_NO_COMMON_BLOCKS = YES;
				GCC_WARN_64_TO_32_BIT_CONVERSION = YES;
				GCC_WARN_ABOUT_RETURN_TYPE = YES_ERROR;
				GCC_WARN_UNDECLARED_SELECTOR = YES;
				GCC_WARN_UNINITIALIZED_AUTOS = YES_AGGRESSIVE;
				GCC_WARN_UNUSED_FUNCTION = YES;
				GCC_WARN_UNUSED_VARIABLE = YES;
				MTL_ENABLE_DEBUG_INFO = NO;
				MTL_FAST_MATH = YES;
				SWIFT_COMPILATION_MODE = wholemodule;
				SWIFT_OPTIMIZATION_LEVEL = "-O";
			};
			name = Release;
		};
		1C2B4446290A62BF004966F5 /* Debug */ = {
			isa = XCBuildConfiguration;
			buildSettings = {
				ASSETCATALOG_COMPILER_APPICON_NAME = AppIcon;
				ASSETCATALOG_COMPILER_GLOBAL_ACCENT_COLOR_NAME = AccentColor;
				CODE_SIGN_ENTITLEMENTS = "About me/About_me.entitlements";
				CODE_SIGN_STYLE = Automatic;
				CURRENT_PROJECT_VERSION = 1;
				DEVELOPMENT_ASSET_PATHS = "\"About me/Preview Content\"";
				ENABLE_PREVIEWS = YES;
				GENERATE_INFOPLIST_FILE = YES;
				"INFOPLIST_KEY_UIApplicationSceneManifest_Generation[sdk=iphoneos*]" = YES;
				"INFOPLIST_KEY_UIApplicationSceneManifest_Generation[sdk=iphonesimulator*]" = YES;
				"INFOPLIST_KEY_UIApplicationSupportsIndirectInputEvents[sdk=iphoneos*]" = YES;
				"INFOPLIST_KEY_UIApplicationSupportsIndirectInputEvents[sdk=iphonesimulator*]" = YES;
				"INFOPLIST_KEY_UILaunchScreen_Generation[sdk=iphoneos*]" = YES;
				"INFOPLIST_KEY_UILaunchScreen_Generation[sdk=iphonesimulator*]" = YES;
				"INFOPLIST_KEY_UIStatusBarStyle[sdk=iphoneos*]" = UIStatusBarStyleDefault;
				"INFOPLIST_KEY_UIStatusBarStyle[sdk=iphonesimulator*]" = UIStatusBarStyleDefault;
				INFOPLIST_KEY_UISupportedInterfaceOrientations_iPad = "UIInterfaceOrientationPortrait UIInterfaceOrientationPortraitUpsideDown UIInterfaceOrientationLandscapeLeft UIInterfaceOrientationLandscapeRight";
				INFOPLIST_KEY_UISupportedInterfaceOrientations_iPhone = "UIInterfaceOrientationPortrait UIInterfaceOrientationLandscapeLeft UIInterfaceOrientationLandscapeRight";
				IPHONEOS_DEPLOYMENT_TARGET = 16.0;
				LD_RUNPATH_SEARCH_PATHS = "@executable_path/Frameworks";
				"LD_RUNPATH_SEARCH_PATHS[sdk=macosx*]" = "@executable_path/../Frameworks";
				MACOSX_DEPLOYMENT_TARGET = 12.3;
				MARKETING_VERSION = 1.0;
				PRODUCT_BUNDLE_IDENTIFIER = "example.com.About-me";
				PRODUCT_NAME = "$(TARGET_NAME)";
				SDKROOT = auto;
				SUPPORTED_PLATFORMS = "iphoneos iphonesimulator macosx";
				SWIFT_EMIT_LOC_STRINGS = YES;
				SWIFT_VERSION = 5.0;
				TARGETED_DEVICE_FAMILY = "1,2";
			};
			name = Debug;
		};
		1C2B4447290A62BF004966F5 /* Release */ = {
			isa = XCBuildConfiguration;
			buildSettings = {
				ASSETCATALOG_COMPILER_APPICON_NAME = AppIcon;
				ASSETCATALOG_COMPILER_GLOBAL_ACCENT_COLOR_NAME = AccentColor;
				CODE_SIGN_ENTITLEMENTS = "About me/About_me.entitlements";
				CODE_SIGN_STYLE = Automatic;
				CURRENT_PROJECT_VERSION = 1;
				DEVELOPMENT_ASSET_PATHS = "\"About me/Preview Content\"";
				ENABLE_PREVIEWS = YES;
				GENERATE_INFOPLIST_FILE = YES;
				"INFOPLIST_KEY_UIApplicationSceneManifest_Generation[sdk=iphoneos*]" = YES;
				"INFOPLIST_KEY_UIApplicationSceneManifest_Generation[sdk=iphonesimulator*]" = YES;
				"INFOPLIST_KEY_UIApplicationSupportsIndirectInputEvents[sdk=iphoneos*]" = YES;
				"INFOPLIST_KEY_UIApplicationSupportsIndirectInputEvents[sdk=iphonesimulator*]" = YES;
				"INFOPLIST_KEY_UILaunchScreen_Generation[sdk=iphoneos*]" = YES;
				"INFOPLIST_KEY_UILaunchScreen_Generation[sdk=iphonesimulator*]" = YES;
				"INFOPLIST_KEY_UIStatusBarStyle[sdk=iphoneos*]" = UIStatusBarStyleDefault;
				"INFOPLIST_KEY_UIStatusBarStyle[sdk=iphonesimulator*]" = UIStatusBarStyleDefault;
				INFOPLIST_KEY_UISupportedInterfaceOrientations_iPad = "UIInterfaceOrientationPortrait UIInterfaceOrientationPortraitUpsideDown UIInterfaceOrientationLandscapeLeft UIInterfaceOrientationLandscapeRight";
				INFOPLIST_KEY_UISupportedInterfaceOrientations_iPhone = "UIInterfaceOrientationPortrait UIInterfaceOrientationLandscapeLeft UIInterfaceOrientationLandscapeRight";
				IPHONEOS_DEPLOYMENT_TARGET = 16.0;
				LD_RUNPATH_SEARCH_PATHS = "@executable_path/Frameworks";
				"LD_RUNPATH_SEARCH_PATHS[sdk=macosx*]" = "@executable_path/../Frameworks";
				MACOSX_DEPLOYMENT_TARGET = 12.3;
				MARKETING_VERSION = 1.0;
				PRODUCT_BUNDLE_IDENTIFIER = "example.com.About-me";
				PRODUCT_NAME = "$(TARGET_NAME)";
				SDKROOT = auto;
				SUPPORTED_PLATFORMS = "iphoneos iphonesimulator macosx";
				SWIFT_EMIT_LOC_STRINGS = YES;
				SWIFT_VERSION = 5.0;
				TARGETED_DEVICE_FAMILY = "1,2";
			};
			name = Release;
		};
		1C2B4449290A62BF004966F5 /* Debug */ = {
			isa = XCBuildConfiguration;
			buildSettings = {
				ALWAYS_EMBED_SWIFT_STANDARD_LIBRARIES = YES;
				BUNDLE_LOADER = "$(TEST_HOST)";
				CODE_SIGN_STYLE = Automatic;
				CURRENT_PROJECT_VERSION = 1;
				GENERATE_INFOPLIST_FILE = YES;
				IPHONEOS_DEPLOYMENT_TARGET = 16.0;
				MACOSX_DEPLOYMENT_TARGET = 12.3;
				MARKETING_VERSION = 1.0;
				PRODUCT_BUNDLE_IDENTIFIER = "example.com.About-meTests";
				PRODUCT_NAME = "$(TARGET_NAME)";
				SDKROOT = auto;
				SUPPORTED_PLATFORMS = "iphoneos iphonesimulator macosx";
				SWIFT_EMIT_LOC_STRINGS = NO;
				SWIFT_VERSION = 5.0;
				TARGETED_DEVICE_FAMILY = "1,2";
				TEST_HOST = "$(BUILT_PRODUCTS_DIR)/About me.app/$(BUNDLE_EXECUTABLE_FOLDER_PATH)/About me";
			};
			name = Debug;
		};
		1C2B444A290A62BF004966F5 /* Release */ = {
			isa = XCBuildConfiguration;
			buildSettings = {
				ALWAYS_EMBED_SWIFT_STANDARD_LIBRARIES = YES;
				BUNDLE_LOADER = "$(TEST_HOST)";
				CODE_SIGN_STYLE = Automatic;
				CURRENT_PROJECT_VERSION = 1;
				GENERATE_INFOPLIST_FILE = YES;
				IPHONEOS_DEPLOYMENT_TARGET = 16.0;
				MACOSX_DEPLOYMENT_TARGET = 12.3;
				MARKETING_VERSION = 1.0;
				PRODUCT_BUNDLE_IDENTIFIER = "example.com.About-meTests";
				PRODUCT_NAME = "$(TARGET_NAME)";
				SDKROOT = auto;
				SUPPORTED_PLATFORMS = "iphoneos iphonesimulator macosx";
				SWIFT_EMIT_LOC_STRINGS = NO;
				SWIFT_VERSION = 5.0;
				TARGETED_DEVICE_FAMILY = "1,2";
				TEST_HOST = "$(BUILT_PRODUCTS_DIR)/About me.app/$(BUNDLE_EXECUTABLE_FOLDER_PATH)/About me";
			};
			name = Release;
		};
		1C2B444C290A62BF004966F5 /* Debug */ = {
			isa = XCBuildConfiguration;
			buildSettings = {
				ALWAYS_EMBED_SWIFT_STANDARD_LIBRARIES = YES;
				CODE_SIGN_STYLE = Automatic;
				CURRENT_PROJECT_VERSION = 1;
				GENERATE_INFOPLIST_FILE = YES;
				IPHONEOS_DEPLOYMENT_TARGET = 16.0;
				MACOSX_DEPLOYMENT_TARGET = 12.3;
				MARKETING_VERSION = 1.0;
				PRODUCT_BUNDLE_IDENTIFIER = "example.com.About-meUITests";
				PRODUCT_NAME = "$(TARGET_NAME)";
				SDKROOT = auto;
				SUPPORTED_PLATFORMS = "iphoneos iphonesimulator macosx";
				SWIFT_EMIT_LOC_STRINGS = NO;
				SWIFT_VERSION = 5.0;
				TARGETED_DEVICE_FAMILY = "1,2";
				TEST_TARGET_NAME = "About me";
			};
			name = Debug;
		};
		1C2B444D290A62BF004966F5 /* Release */ = {
			isa = XCBuildConfiguration;
			buildSettings = {
				ALWAYS_EMBED_SWIFT_STANDARD_LIBRARIES = YES;
				CODE_SIGN_STYLE = Automatic;
				CURRENT_PROJECT_VERSION = 1;
				GENERATE_INFOPLIST_FILE = YES;
				IPHONEOS_DEPLOYMENT_TARGET = 16.0;
				MACOSX_DEPLOYMENT_TARGET = 12.3;
				MARKETING_VERSION = 1.0;
				PRODUCT_BUNDLE_IDENTIFIER = "example.com.About-meUITests";
				PRODUCT_NAME = "$(TARGET_NAME)";
				SDKROOT = auto;
				SUPPORTED_PLATFORMS = "iphoneos iphonesimulator macosx";
				SWIFT_EMIT_LOC_STRINGS = NO;
				SWIFT_VERSION = 5.0;
				TARGETED_DEVICE_FAMILY = "1,2";
				TEST_TARGET_NAME = "About me";
			};
			name = Release;
		};
/* End XCBuildConfiguration section */

/* Begin XCConfigurationList section */
		1C2B441B290A62BE004966F5 /* Build configuration list for PBXProject "About me" */ = {
			isa = XCConfigurationList;
			buildConfigurations = (
				1C2B4443290A62BF004966F5 /* Debug */,
				1C2B4444290A62BF004966F5 /* Release */,
			);
			defaultConfigurationIsVisible = 0;
			defaultConfigurationName = Release;
		};
		1C2B4445290A62BF004966F5 /* Build configuration list for PBXNativeTarget "About me" */ = {
			isa = XCConfigurationList;
			buildConfigurations = (
				1C2B4446290A62BF004966F5 /* Debug */,
				1C2B4447290A62BF004966F5 /* Release */,
			);
			defaultConfigurationIsVisible = 0;
			defaultConfigurationName = Release;
		};
		1C2B4448290A62BF004966F5 /* Build configuration list for PBXNativeTarget "About meTests" */ = {
			isa = XCConfigurationList;
			buildConfigurations = (
				1C2B4449290A62BF004966F5 /* Debug */,
				1C2B444A290A62BF004966F5 /* Release */,
			);
			defaultConfigurationIsVisible = 0;
			defaultConfigurationName = Release;
		};
		1C2B444B290A62BF004966F5 /* Build configuration list for PBXNativeTarget "About meUITests" */ = {
			isa = XCConfigurationList;
			buildConfigurations = (
				1C2B444C290A62BF004966F5 /* Debug */,
				1C2B444D290A62BF004966F5 /* Release */,
			);
			defaultConfigurationIsVisible = 0;
			defaultConfigurationName = Release;
		};
/* End XCConfigurationList section */
	};
	rootObject = 1C2B4418290A62BE004966F5 /* Project object */;
}
